// !$*UTF8*$!
{
	archiveVersion = 1;
	classes = {
	};
	objectVersion = 50;
	objects = {

/* Begin PBXBuildFile section */
		B2076EEE21F549DE009ED2B2 /* Extensions+UIView.swift in Sources */ = {isa = PBXBuildFile; fileRef = B2076EED21F549DE009ED2B2 /* Extensions+UIView.swift */; };
		B2076EF021F561F5009ED2B2 /* ProductVC.swift in Sources */ = {isa = PBXBuildFile; fileRef = B2076EEF21F561F5009ED2B2 /* ProductVC.swift */; };
		B20BA1B121F2CFEF001F65D6 /* AppDelegate.swift in Sources */ = {isa = PBXBuildFile; fileRef = B20BA1B021F2CFEF001F65D6 /* AppDelegate.swift */; };
		B20BA1B621F2CFEF001F65D6 /* Main.storyboard in Resources */ = {isa = PBXBuildFile; fileRef = B20BA1B421F2CFEF001F65D6 /* Main.storyboard */; };
		B20BA1B821F2CFF0001F65D6 /* Assets.xcassets in Resources */ = {isa = PBXBuildFile; fileRef = B20BA1B721F2CFF0001F65D6 /* Assets.xcassets */; };
		B20BA1BB21F2CFF0001F65D6 /* LaunchScreen.storyboard in Resources */ = {isa = PBXBuildFile; fileRef = B20BA1B921F2CFF0001F65D6 /* LaunchScreen.storyboard */; };
		B20C545921F63A4C00580BAB /* CategoryCell.swift in Sources */ = {isa = PBXBuildFile; fileRef = B20C545821F63A4C00580BAB /* CategoryCell.swift */; };
		B20C545B21F64ACC00580BAB /* ProductCell.swift in Sources */ = {isa = PBXBuildFile; fileRef = B20C545A21F64ACC00580BAB /* ProductCell.swift */; };
		B21E6B0A21F3D2E8004E09DA /* CategoryVC.swift in Sources */ = {isa = PBXBuildFile; fileRef = B21E6B0921F3D2E8004E09DA /* CategoryVC.swift */; };
		B21E6B1021F3DF6F004E09DA /* Category.swift in Sources */ = {isa = PBXBuildFile; fileRef = B21E6B0F21F3DF6F004E09DA /* Category.swift */; };
		B21E6B1221F3DFD3004E09DA /* Product.swift in Sources */ = {isa = PBXBuildFile; fileRef = B21E6B1121F3DFD3004E09DA /* Product.swift */; };
		B21E6B1421F3E140004E09DA /* DataService.swift in Sources */ = {isa = PBXBuildFile; fileRef = B21E6B1321F3E140004E09DA /* DataService.swift */; };
/* End PBXBuildFile section */

/* Begin PBXFileReference section */
		B2076EED21F549DE009ED2B2 /* Extensions+UIView.swift */ = {isa = PBXFileReference; fileEncoding = 4; lastKnownFileType = sourcecode.swift; path = "Extensions+UIView.swift"; sourceTree = "<group>"; };
		B2076EEF21F561F5009ED2B2 /* ProductVC.swift */ = {isa = PBXFileReference; lastKnownFileType = sourcecode.swift; path = ProductVC.swift; sourceTree = "<group>"; };
		B20BA1AD21F2CFEF001F65D6 /* shoppingAccessories.app */ = {isa = PBXFileReference; explicitFileType = wrapper.application; includeInIndex = 0; path = shoppingAccessories.app; sourceTree = BUILT_PRODUCTS_DIR; };
		B20BA1B021F2CFEF001F65D6 /* AppDelegate.swift */ = {isa = PBXFileReference; lastKnownFileType = sourcecode.swift; path = AppDelegate.swift; sourceTree = "<group>"; };
		B20BA1B521F2CFEF001F65D6 /* Base */ = {isa = PBXFileReference; lastKnownFileType = file.storyboard; name = Base; path = Base.lproj/Main.storyboard; sourceTree = "<group>"; };
		B20BA1B721F2CFF0001F65D6 /* Assets.xcassets */ = {isa = PBXFileReference; lastKnownFileType = folder.assetcatalog; path = Assets.xcassets; sourceTree = "<group>"; };
		B20BA1BA21F2CFF0001F65D6 /* Base */ = {isa = PBXFileReference; lastKnownFileType = file.storyboard; name = Base; path = Base.lproj/LaunchScreen.storyboard; sourceTree = "<group>"; };
		B20BA1BC21F2CFF0001F65D6 /* Info.plist */ = {isa = PBXFileReference; lastKnownFileType = text.plist.xml; path = Info.plist; sourceTree = "<group>"; };
		B20C545821F63A4C00580BAB /* CategoryCell.swift */ = {isa = PBXFileReference; lastKnownFileType = sourcecode.swift; path = CategoryCell.swift; sourceTree = "<group>"; };
		B20C545A21F64ACC00580BAB /* ProductCell.swift */ = {isa = PBXFileReference; lastKnownFileType = sourcecode.swift; path = ProductCell.swift; sourceTree = "<group>"; };
		B21E6B0921F3D2E8004E09DA /* CategoryVC.swift */ = {isa = PBXFileReference; lastKnownFileType = sourcecode.swift; path = CategoryVC.swift; sourceTree = "<group>"; };
		B21E6B0F21F3DF6F004E09DA /* Category.swift */ = {isa = PBXFileReference; lastKnownFileType = sourcecode.swift; path = Category.swift; sourceTree = "<group>"; };
		B21E6B1121F3DFD3004E09DA /* Product.swift */ = {isa = PBXFileReference; lastKnownFileType = sourcecode.swift; path = Product.swift; sourceTree = "<group>"; };
		B21E6B1321F3E140004E09DA /* DataService.swift */ = {isa = PBXFileReference; lastKnownFileType = sourcecode.swift; path = DataService.swift; sourceTree = "<group>"; };
/* End PBXFileReference section */

/* Begin PBXFrameworksBuildPhase section */
		B20BA1AA21F2CFEF001F65D6 /* Frameworks */ = {
			isa = PBXFrameworksBuildPhase;
			buildActionMask = 2147483647;
			files = (
			);
			runOnlyForDeploymentPostprocessing = 0;
		};
/* End PBXFrameworksBuildPhase section */

/* Begin PBXGroup section */
		B20BA1A421F2CFEF001F65D6 = {
			isa = PBXGroup;
			children = (
				B20BA1AF21F2CFEF001F65D6 /* shoppingAccessories */,
				B20BA1AE21F2CFEF001F65D6 /* Products */,
			);
			sourceTree = "<group>";
		};
		B20BA1AE21F2CFEF001F65D6 /* Products */ = {
			isa = PBXGroup;
			children = (
				B20BA1AD21F2CFEF001F65D6 /* shoppingAccessories.app */,
			);
			name = Products;
			sourceTree = "<group>";
		};
		B20BA1AF21F2CFEF001F65D6 /* shoppingAccessories */ = {
			isa = PBXGroup;
			children = (
				B21E6B0E21F3DF31004E09DA /* View */,
				B21E6B0D21F3DF26004E09DA /* Controller */,
				B21E6B0C21F3DF09004E09DA /* Services */,
				B21E6B0B21F3DEFA004E09DA /* Model */,
				B20BA1B021F2CFEF001F65D6 /* AppDelegate.swift */,
				B20BA1B421F2CFEF001F65D6 /* Main.storyboard */,
				B20BA1B721F2CFF0001F65D6 /* Assets.xcassets */,
				B20BA1B921F2CFF0001F65D6 /* LaunchScreen.storyboard */,
				B2076EED21F549DE009ED2B2 /* Extensions+UIView.swift */,
				B20BA1BC21F2CFF0001F65D6 /* Info.plist */,
			);
			path = shoppingAccessories;
			sourceTree = "<group>";
		};
		B21E6B0B21F3DEFA004E09DA /* Model */ = {
			isa = PBXGroup;
			children = (
				B21E6B0F21F3DF6F004E09DA /* Category.swift */,
				B21E6B1121F3DFD3004E09DA /* Product.swift */,
			);
			path = Model;
			sourceTree = "<group>";
		};
		B21E6B0C21F3DF09004E09DA /* Services */ = {
			isa = PBXGroup;
			children = (
				B21E6B1321F3E140004E09DA /* DataService.swift */,
			);
			path = Services;
			sourceTree = "<group>";
		};
		B21E6B0D21F3DF26004E09DA /* Controller */ = {
			isa = PBXGroup;
			children = (
				B21E6B0921F3D2E8004E09DA /* CategoryVC.swift */,
				B2076EEF21F561F5009ED2B2 /* ProductVC.swift */,
			);
			path = Controller;
			sourceTree = "<group>";
		};
		B21E6B0E21F3DF31004E09DA /* View */ = {
			isa = PBXGroup;
			children = (
				B20C545821F63A4C00580BAB /* CategoryCell.swift */,
				B20C545A21F64ACC00580BAB /* ProductCell.swift */,
			);
			path = View;
			sourceTree = "<group>";
		};
/* End PBXGroup section */

/* Begin PBXNativeTarget section */
		B20BA1AC21F2CFEF001F65D6 /* shoppingAccessories */ = {
			isa = PBXNativeTarget;
			buildConfigurationList = B20BA1BF21F2CFF0001F65D6 /* Build configuration list for PBXNativeTarget "shoppingAccessories" */;
			buildPhases = (
				B20BA1A921F2CFEF001F65D6 /* Sources */,
				B20BA1AA21F2CFEF001F65D6 /* Frameworks */,
				B20BA1AB21F2CFEF001F65D6 /* Resources */,
			);
			buildRules = (
			);
			dependencies = (
			);
			name = shoppingAccessories;
			productName = shoppingAccessories;
			productReference = B20BA1AD21F2CFEF001F65D6 /* shoppingAccessories.app */;
			productType = "com.apple.product-type.application";
		};
/* End PBXNativeTarget section */

/* Begin PBXProject section */
		B20BA1A521F2CFEF001F65D6 /* Project object */ = {
			isa = PBXProject;
			attributes = {
				LastSwiftUpdateCheck = 1010;
				LastUpgradeCheck = 1010;
				ORGANIZATIONNAME = ChihHao;
				TargetAttributes = {
					B20BA1AC21F2CFEF001F65D6 = {
						CreatedOnToolsVersion = 10.1;
					};
				};
			};
			buildConfigurationList = B20BA1A821F2CFEF001F65D6 /* Build configuration list for PBXProject "shoppingAccessories" */;
			compatibilityVersion = "Xcode 9.3";
			developmentRegion = en;
			hasScannedForEncodings = 0;
			knownRegions = (
				en,
				Base,
			);
			mainGroup = B20BA1A421F2CFEF001F65D6;
			productRefGroup = B20BA1AE21F2CFEF001F65D6 /* Products */;
			projectDirPath = "";
			projectRoot = "";
			targets = (
				B20BA1AC21F2CFEF001F65D6 /* shoppingAccessories */,
			);
		};
/* End PBXProject section */

/* Begin PBXResourcesBuildPhase section */
		B20BA1AB21F2CFEF001F65D6 /* Resources */ = {
			isa = PBXResourcesBuildPhase;
			buildActionMask = 2147483647;
			files = (
				B20BA1BB21F2CFF0001F65D6 /* LaunchScreen.storyboard in Resources */,
				B20BA1B821F2CFF0001F65D6 /* Assets.xcassets in Resources */,
				B20BA1B621F2CFEF001F65D6 /* Main.storyboard in Resources */,
			);
			runOnlyForDeploymentPostprocessing = 0;
		};
/* End PBXResourcesBuildPhase section */

/* Begin PBXSourcesBuildPhase section */
		B20BA1A921F2CFEF001F65D6 /* Sources */ = {
			isa = PBXSourcesBuildPhase;
			buildActionMask = 2147483647;
			files = (
				B21E6B0A21F3D2E8004E09DA /* CategoryVC.swift in Sources */,
				B2076EF021F561F5009ED2B2 /* ProductVC.swift in Sources */,
				B21E6B1221F3DFD3004E09DA /* Product.swift in Sources */,
				B20C545921F63A4C00580BAB /* CategoryCell.swift in Sources */,
				B2076EEE21F549DE009ED2B2 /* Extensions+UIView.swift in Sources */,
				B20BA1B121F2CFEF001F65D6 /* AppDelegate.swift in Sources */,
				B20C545B21F64ACC00580BAB /* ProductCell.swift in Sources */,
				B21E6B1021F3DF6F004E09DA /* Category.swift in Sources */,
				B21E6B1421F3E140004E09DA /* DataService.swift in Sources */,
			);
			runOnlyForDeploymentPostprocessing = 0;
		};
/* End PBXSourcesBuildPhase section */

/* Begin PBXVariantGroup section */
		B20BA1B421F2CFEF001F65D6 /* Main.storyboard */ = {
			isa = PBXVariantGroup;
			children = (
				B20BA1B521F2CFEF001F65D6 /* Base */,
			);
			name = Main.storyboard;
			sourceTree = "<group>";
		};
		B20BA1B921F2CFF0001F65D6 /* LaunchScreen.storyboard */ = {
			isa = PBXVariantGroup;
			children = (
				B20BA1BA21F2CFF0001F65D6 /* Base */,
			);
			name = LaunchScreen.storyboard;
			sourceTree = "<group>";
		};
/* End PBXVariantGroup section */

/* Begin XCBuildConfiguration section */
		B20BA1BD21F2CFF0001F65D6 /* Debug */ = {
			isa = XCBuildConfiguration;
			buildSettings = {
				ALWAYS_SEARCH_USER_PATHS = NO;
				CLANG_ANALYZER_NONNULL = YES;
				CLANG_ANALYZER_NUMBER_OBJECT_CONVERSION = YES_AGGRESSIVE;
				CLANG_CXX_LANGUAGE_STANDARD = "gnu++14";
				CLANG_CXX_LIBRARY = "libc++";
				CLANG_ENABLE_MODULES = YES;
				CLANG_ENABLE_OBJC_ARC = YES;
				CLANG_ENABLE_OBJC_WEAK = YES;
				CLANG_WARN_BLOCK_CAPTURE_AUTORELEASING = YES;
				CLANG_WARN_BOOL_CONVERSION = YES;
				CLANG_WARN_COMMA = YES;
				CLANG_WARN_CONSTANT_CONVERSION = YES;
				CLANG_WARN_DEPRECATED_OBJC_IMPLEMENTATIONS = YES;
				CLANG_WARN_DIRECT_OBJC_ISA_USAGE = YES_ERROR;
				CLANG_WARN_DOCUMENTATION_COMMENTS = YES;
				CLANG_WARN_EMPTY_BODY = YES;
				CLANG_WARN_ENUM_CONVERSION = YES;
				CLANG_WARN_INFINITE_RECURSION = YES;
				CLANG_WARN_INT_CONVERSION = YES;
				CLANG_WARN_NON_LITERAL_NULL_CONVERSION = YES;
				CLANG_WARN_OBJC_IMPLICIT_RETAIN_SELF = YES;
				CLANG_WARN_OBJC_LITERAL_CONVERSION = YES;
				CLANG_WARN_OBJC_ROOT_CLASS = YES_ERROR;
				CLANG_WARN_RANGE_LOOP_ANALYSIS = YES;
				CLANG_WARN_STRICT_PROTOTYPES = YES;
				CLANG_WARN_SUSPICIOUS_MOVE = YES;
				CLANG_WARN_UNGUARDED_AVAILABILITY = YES_AGGRESSIVE;
				CLANG_WARN_UNREACHABLE_CODE = YES;
				CLANG_WARN__DUPLICATE_METHOD_MATCH = YES;
				CODE_SIGN_IDENTITY = "iPhone Developer";
				COPY_PHASE_STRIP = NO;
				DEBUG_INFORMATION_FORMAT = dwarf;
				ENABLE_STRICT_OBJC_MSGSEND = YES;
				ENABLE_TESTABILITY = YES;
				GCC_C_LANGUAGE_STANDARD = gnu11;
				GCC_DYNAMIC_NO_PIC = NO;
				GCC_NO_COMMON_BLOCKS = YES;
				GCC_OPTIMIZATION_LEVEL = 0;
				GCC_PREPROCESSOR_DEFINITIONS = (
					"DEBUG=1",
					"$(inherited)",
				);
				GCC_WARN_64_TO_32_BIT_CONVERSION = YES;
				GCC_WARN_ABOUT_RETURN_TYPE = YES_ERROR;
				GCC_WARN_UNDECLARED_SELECTOR = YES;
				GCC_WARN_UNINITIALIZED_AUTOS = YES_AGGRESSIVE;
				GCC_WARN_UNUSED_FUNCTION = YES;
				GCC_WARN_UNUSED_VARIABLE = YES;
				IPHONEOS_DEPLOYMENT_TARGET = 12.1;
				MTL_ENABLE_DEBUG_INFO = INCLUDE_SOURCE;
				MTL_FAST_MATH = YES;
				ONLY_ACTIVE_ARCH = YES;
				SDKROOT = iphoneos;
				SWIFT_ACTIVE_COMPILATION_CONDITIONS = DEBUG;
				SWIFT_OPTIMIZATION_LEVEL = "-Onone";
			};
			name = Debug;
		};
		B20BA1BE21F2CFF0001F65D6 /* Release */ = {
			isa = XCBuildConfiguration;
			buildSettings = {
				ALWAYS_SEARCH_USER_PATHS = NO;
				CLANG_ANALYZER_NONNULL = YES;
				CLANG_ANALYZER_NUMBER_OBJECT_CONVERSION = YES_AGGRESSIVE;
				CLANG_CXX_LANGUAGE_STANDARD = "gnu++14";
				CLANG_CXX_LIBRARY = "libc++";
				CLANG_ENABLE_MODULES = YES;
				CLANG_ENABLE_OBJC_ARC = YES;
				CLANG_ENABLE_OBJC_WEAK = YES;
				CLANG_WARN_BLOCK_CAPTURE_AUTORELEASING = YES;
				CLANG_WARN_BOOL_CONVERSION = YES;
				CLANG_WARN_COMMA = YES;
				CLANG_WARN_CONSTANT_CONVERSION = YES;
				CLANG_WARN_DEPRECATED_OBJC_IMPLEMENTATIONS = YES;
				CLANG_WARN_DIRECT_OBJC_ISA_USAGE = YES_ERROR;
				CLANG_WARN_DOCUMENTATION_COMMENTS = YES;
				CLANG_WARN_EMPTY_BODY = YES;
				CLANG_WARN_ENUM_CONVERSION = YES;
				CLANG_WARN_INFINITE_RECURSION = YES;
				CLANG_WARN_INT_CONVERSION = YES;
				CLANG_WARN_NON_LITERAL_NULL_CONVERSION = YES;
				CLANG_WARN_OBJC_IMPLICIT_RETAIN_SELF = YES;
				CLANG_WARN_OBJC_LITERAL_CONVERSION = YES;
				CLANG_WARN_OBJC_ROOT_CLASS = YES_ERROR;
				CLANG_WARN_RANGE_LOOP_ANALYSIS = YES;
				CLANG_WARN_STRICT_PROTOTYPES = YES;
				CLANG_WARN_SUSPICIOUS_MOVE = YES;
				CLANG_WARN_UNGUARDED_AVAILABILITY = YES_AGGRESSIVE;
				CLANG_WARN_UNREACHABLE_CODE = YES;
				CLANG_WARN__DUPLICATE_METHOD_MATCH = YES;
				CODE_SIGN_IDENTITY = "iPhone Developer";
				COPY_PHASE_STRIP = NO;
				DEBUG_INFORMATION_FORMAT = "dwarf-with-dsym";
				ENABLE_NS_ASSERTIONS = NO;
				ENABLE_STRICT_OBJC_MSGSEND = YES;
				GCC_C_LANGUAGE_STANDARD = gnu11;
				GCC_NO_COMMON_BLOCKS = YES;
				GCC_WARN_64_TO_32_BIT_CONVERSION = YES;
				GCC_WARN_ABOUT_RETURN_TYPE = YES_ERROR;
				GCC_WARN_UNDECLARED_SELECTOR = YES;
				GCC_WARN_UNINITIALIZED_AUTOS = YES_AGGRESSIVE;
				GCC_WARN_UNUSED_FUNCTION = YES;
				GCC_WARN_UNUSED_VARIABLE = YES;
				IPHONEOS_DEPLOYMENT_TARGET = 12.1;
				MTL_ENABLE_DEBUG_INFO = NO;
				MTL_FAST_MATH = YES;
				SDKROOT = iphoneos;
				SWIFT_COMPILATION_MODE = wholemodule;
				SWIFT_OPTIMIZATION_LEVEL = "-O";
				VALIDATE_PRODUCT = YES;
			};
			name = Release;
		};
		B20BA1C021F2CFF0001F65D6 /* Debug */ = {
			isa = XCBuildConfiguration;
			buildSettings = {
				ASSETCATALOG_COMPILER_APPICON_NAME = AppIcon;
				CODE_SIGN_STYLE = Automatic;
				DEVELOPMENT_TEAM = 5LRS3CF882;
				INFOPLIST_FILE = shoppingAccessories/Info.plist;
				LD_RUNPATH_SEARCH_PATHS = (
					"$(inherited)",
					"@executable_path/Frameworks",
				);
				PRODUCT_BUNDLE_IDENTIFIER = "com.chih-hao.shoppingAccessories";
				PRODUCT_NAME = "$(TARGET_NAME)";
				SWIFT_VERSION = 4.2;
				TARGETED_DEVICE_FAMILY = "1,2";
			};
			name = Debug;
		};
		B20BA1C121F2CFF0001F65D6 /* Release */ = {
			isa = XCBuildConfiguration;
			buildSettings = {
				ASSETCATALOG_COMPILER_APPICON_NAME = AppIcon;
				CODE_SIGN_STYLE = Automatic;
				DEVELOPMENT_TEAM = 5LRS3CF882;
				INFOPLIST_FILE = shoppingAccessories/Info.plist;
				LD_RUNPATH_SEARCH_PATHS = (
					"$(inherited)",
					"@executable_path/Frameworks",
				);
				PRODUCT_BUNDLE_IDENTIFIER = "com.chih-hao.shoppingAccessories";
				PRODUCT_NAME = "$(TARGET_NAME)";
				SWIFT_VERSION = 4.2;
				TARGETED_DEVICE_FAMILY = "1,2";
			};
			name = Release;
		};
/* End XCBuildConfiguration section */

/* Begin XCConfigurationList section */
		B20BA1A821F2CFEF001F65D6 /* Build configuration list for PBXProject "shoppingAccessories" */ = {
			isa = XCConfigurationList;
			buildConfigurations = (
				B20BA1BD21F2CFF0001F65D6 /* Debug */,
				B20BA1BE21F2CFF0001F65D6 /* Release */,
			);
			defaultConfigurationIsVisible = 0;
			defaultConfigurationName = Release;
		};
		B20BA1BF21F2CFF0001F65D6 /* Build configuration list for PBXNativeTarget "shoppingAccessories" */ = {
			isa = XCConfigurationList;
			buildConfigurations = (
				B20BA1C021F2CFF0001F65D6 /* Debug */,
				B20BA1C121F2CFF0001F65D6 /* Release */,
			);
			defaultConfigurationIsVisible = 0;
			defaultConfigurationName = Release;
		};
/* End XCConfigurationList section */
	};
	rootObject = B20BA1A521F2CFEF001F65D6 /* Project object */;
}
